
Microsoft Visual Studio Solution File, Format Version 12.00
# Visual Studio 15
VisualStudioVersion = 15.0.26403.7
MinimumVisualStudioVersion = 10.0.40219.1
Project("{FAE04EC0-301F-11D3-BF4B-00C04F79EFBC}") = "IBATest", "IBATest\IBATest.csproj", "{2D03F9E0-E8A4-4ABE-8654-36FB1143D237}"
EndProject
Project("{FAE04EC0-301F-11D3-BF4B-00C04F79EFBC}") = "ConsoleApp1", "ConsoleApp1\ConsoleApp1.csproj", "{3B326D16-25BB-4285-AF45-1C51F1B94F4E}"
EndProject
Project("{FAE04EC0-301F-11D3-BF4B-00C04F79EFBC}") = "ConsoleApp2", "ConsoleApp2\ConsoleApp2.csproj", "{4950C0C8-80DA-4347-B169-64A148BA3601}"
EndProject
Global
	GlobalSection(SolutionConfigurationPlatforms) = preSolution
		Debug|Any CPU = Debug|Any CPU
		Release|Any CPU = Release|Any CPU
	EndGlobalSection
	GlobalSection(ProjectConfigurationPlatforms) = postSolution
		{2D03F9E0-E8A4-4ABE-8654-36FB1143D237}.Debug|Any CPU.ActiveCfg = Debug|Any CPU
		{2D03F9E0-E8A4-4ABE-8654-36FB1143D237}.Debug|Any CPU.Build.0 = Debug|Any CPU
		{2D03F9E0-E8A4-4ABE-8654-36FB1143D237}.Release|Any CPU.ActiveCfg = Release|Any CPU
		{2D03F9E0-E8A4-4ABE-8654-36FB1143D237}.Release|Any CPU.Build.0 = Release|Any CPU
		{3B326D16-25BB-4285-AF45-1C51F1B94F4E}.Debug|Any CPU.ActiveCfg = Debug|Any CPU
		{3B326D16-25BB-4285-AF45-1C51F1B94F4E}.Debug|Any CPU.Build.0 = Debug|Any CPU
		{3B326D16-25BB-4285-AF45-1C51F1B94F4E}.Release|Any CPU.ActiveCfg = Release|Any CPU
		{3B326D16-25BB-4285-AF45-1C51F1B94F4E}.Release|Any CPU.Build.0 = Release|Any CPU
		{4950C0C8-80DA-4347-B169-64A148BA3601}.Debug|Any CPU.ActiveCfg = Debug|Any CPU
		{4950C0C8-80DA-4347-B169-64A148BA3601}.Debug|Any CPU.Build.0 = Debug|Any CPU
		{4950C0C8-80DA-4347-B169-64A148BA3601}.Release|Any CPU.ActiveCfg = Release|Any CPU
		{4950C0C8-80DA-4347-B169-64A148BA3601}.Release|Any CPU.Build.0 = Release|Any CPU
	EndGlobalSection
	GlobalSection(SolutionProperties) = preSolution
		HideSolutionNode = FALSE
	EndGlobalSection
EndGlobal
